{
  "name": "vue-d3-force-network",
  "version": "0.1.0",
  "lockfileVersion": 1,
  "requires": true,
  "dependencies": {
    "commander": {
      "version": "2.20.0",
      "resolved": "http://r.cnpmjs.org/commander/download/commander-2.20.0.tgz",
      "integrity": "sha1-1YuytcHuj4ew00ACfp6U4iLFpCI="
    },
    "d3": {
      "version": "5.9.2",
      "resolved": "http://r.cnpmjs.org/d3/download/d3-5.9.2.tgz",
      "integrity": "sha1-ZOin6cPZbZ5uSZnSyKLIKXZ+Z/U=",
      "requires": {
        "d3-array": "1",
        "d3-axis": "1",
        "d3-brush": "1",
        "d3-chord": "1",
        "d3-collection": "1",
        "d3-color": "1",
        "d3-contour": "1",
        "d3-dispatch": "1",
        "d3-drag": "1",
        "d3-dsv": "1",
        "d3-ease": "1",
        "d3-fetch": "1",
        "d3-force": "1",
        "d3-format": "1",
        "d3-geo": "1",
        "d3-hierarchy": "1",
        "d3-interpolate": "1",
        "d3-path": "1",
        "d3-polygon": "1",
        "d3-quadtree": "1",
        "d3-random": "1",
        "d3-scale": "2",
        "d3-scale-chromatic": "1",
        "d3-selection": "1",
        "d3-shape": "1",
        "d3-time": "1",
        "d3-time-format": "2",
        "d3-timer": "1",
        "d3-transition": "1",
        "d3-voronoi": "1",
        "d3-zoom": "1"
      },
      "dependencies": {
        "d3-force": {
          "version": "1.2.1",
          "resolved": "http://r.cnpmjs.org/d3-force/download/d3-force-1.2.1.tgz",
          "integrity": "sha1-/Sml0f8YHJ5/BmnkvXK9sOkU7As=",
          "requires": {
            "d3-collection": "1",
            "d3-dispatch": "1",
            "d3-quadtree": "1",
            "d3-timer": "1"
          }
        }
      }
    },
    "d3-array": {
      "version": "1.2.4",
      "resolved": "http://r.cnpmjs.org/d3-array/download/d3-array-1.2.4.tgz",
      "integrity": "sha1-Y1zk1e6nWfb2BYY9vPww7cc39x8="
    },
    "d3-axis": {
      "version": "1.0.12",
      "resolved": "http://r.cnpmjs.org/d3-axis/download/d3-axis-1.0.12.tgz",
      "integrity": "sha1-zfILohDPu0N5WvM3Vohvs2ONqsk="
    },
    "d3-brush": {
      "version": "1.0.6",
      "resolved": "http://r.cnpmjs.org/d3-brush/download/d3-brush-1.0.6.tgz",
      "integrity": "sha1-M2kfIDLZ22xdjLaE/yVamINiniE=",
      "requires": {
        "d3-dispatch": "1",
        "d3-drag": "1",
        "d3-interpolate": "1",
        "d3-selection": "1",
        "d3-transition": "1"
      }
    },
    "d3-chord": {
      "version": "1.0.6",
      "resolved": "http://r.cnpmjs.org/d3-chord/download/d3-chord-1.0.6.tgz",
      "integrity": "sha1-MJFX4/LbLHUvAoD+3TXyBnzLsV8=",
      "requires": {
        "d3-array": "1",
        "d3-path": "1"
      }
    },
    "d3-collection": {
      "version": "1.0.7",
      "resolved": "http://r.cnpmjs.org/d3-collection/download/d3-collection-1.0.7.tgz",
      "integrity": "sha1-NJvSqpl32wcQkcExRNXk8WtbMQ4="
    },
    "d3-color": {
      "version": "1.2.3",
      "resolved": "http://r.cnpmjs.org/d3-color/download/d3-color-1.2.3.tgz",
      "integrity": "sha1-bGe7KvbfPMjXnvzE06PoPijIBI8="
    },
    "d3-contour": {
      "version": "1.3.2",
      "resolved": "http://r.cnpmjs.org/d3-contour/download/d3-contour-1.3.2.tgz",
      "integrity": "sha1-ZSqs1QDSJkyzQjzuENtp9vWb6tM=",
      "requires": {
        "d3-array": "^1.1.1"
      }
    },
    "d3-dispatch": {
      "version": "1.0.5",
      "resolved": "http://r.cnpmjs.org/d3-dispatch/download/d3-dispatch-1.0.5.tgz",
      "integrity": "sha1-4lwQoYZRfNbILdGeoBjwfgHjkBU="
    },
    "d3-drag": {
      "version": "1.2.3",
      "resolved": "http://r.cnpmjs.org/d3-drag/download/d3-drag-1.2.3.tgz",
      "integrity": "sha1-RuIGrYY+xGXYjFiAmKHfREzTPGQ=",
      "requires": {
        "d3-dispatch": "1",
        "d3-selection": "1"
      }
    },
    "d3-dsv": {
      "version": "1.1.1",
      "resolved": "http://r.cnpmjs.org/d3-dsv/download/d3-dsv-1.1.1.tgz",
      "integrity": "sha1-qqgw7LdsS1AVVyxkfMZEHjx7twE=",
      "requires": {
        "commander": "2",
        "iconv-lite": "0.4",
        "rw": "1"
      }
    },
    "d3-ease": {
      "version": "1.0.5",
      "resolved": "http://r.cnpmjs.org/d3-ease/download/d3-ease-1.0.5.tgz",
      "integrity": "sha1-jOWSdtgSQbG3IELWry1A522Tb/s="
    },
    "d3-fetch": {
      "version": "1.1.2",
      "resolved": "http://r.cnpmjs.org/d3-fetch/download/d3-fetch-1.1.2.tgz",
      "integrity": "sha1-lXyPvG1EgFmboZGxslGL+Gs+G+I=",
      "requires": {
        "d3-dsv": "1"
      }
    },
    "d3-force": {
      "version": "2.0.1",
      "resolved": "http://r.cnpmjs.org/d3-force/download/d3-force-2.0.1.tgz",
      "integrity": "sha1-MXUO7oxDU1MB1XEZW/loO+2lNOI=",
      "requires": {
        "d3-dispatch": "1",
        "d3-quadtree": "1",
        "d3-timer": "1"
      }
    },
    "d3-format": {
      "version": "1.3.2",
      "resolved": "http://r.cnpmjs.org/d3-format/download/d3-format-1.3.2.tgz",
      "integrity": "sha1-apa14xvLmBIqMIY/fZI2XABgNWI="
    },
    "d3-geo": {
      "version": "1.11.3",
      "resolved": "http://r.cnpmjs.org/d3-geo/download/d3-geo-1.11.3.tgz",
      "integrity": "sha1-W7CDiPReSygUkfqnLTq9QyFdvRw=",
      "requires": {
        "d3-array": "1"
      }
    },
    "d3-hierarchy": {
      "version": "1.1.8",
      "resolved": "http://r.cnpmjs.org/d3-hierarchy/download/d3-hierarchy-1.1.8.tgz",
      "integrity": "sha1-emMXvT7STjJGQbbx526XiDawCMw="
    },
    "d3-interpolate": {
      "version": "1.3.2",
      "resolved": "http://r.cnpmjs.org/d3-interpolate/download/d3-interpolate-1.3.2.tgz",
      "integrity": "sha1-QX0+vetLxO/Mj9Q2HFXkBAIR/Wg=",
      "requires": {
        "d3-color": "1"
      }
    },
    "d3-path": {
      "version": "1.0.7",
      "resolved": "http://r.cnpmjs.org/d3-path/download/d3-path-1.0.7.tgz",
      "integrity": "sha1-jefNaTp1rAtUgNOrrM2UeT5Yqug="
    },
    "d3-polygon": {
      "version": "1.0.5",
      "resolved": "http://r.cnpmjs.org/d3-polygon/download/d3-polygon-1.0.5.tgz",
      "integrity": "sha1-mmRaCmT/bL+e/alu4LSmkJGEw2M="
    },
    "d3-quadtree": {
      "version": "1.0.6",
      "resolved": "http://r.cnpmjs.org/d3-quadtree/download/d3-quadtree-1.0.6.tgz",
      "integrity": "sha1-0asqlafye73ohYLJQWb2rjXzIFY="
    },
    "d3-random": {
      "version": "1.1.2",
      "resolved": "http://r.cnpmjs.org/d3-random/download/d3-random-1.1.2.tgz",
      "integrity": "sha1-KDO+fBJDYL+eLT/U8zhHz+bKspE="
    },
    "d3-scale": {
      "version": "2.2.2",
      "resolved": "http://r.cnpmjs.org/d3-scale/download/d3-scale-2.2.2.tgz",
      "integrity": "sha1-TogOCydFrKrd0+3iap6Qip4XuB8=",
      "requires": {
        "d3-array": "^1.2.0",
        "d3-collection": "1",
        "d3-format": "1",
        "d3-interpolate": "1",
        "d3-time": "1",
        "d3-time-format": "2"
      }
    },
    "d3-scale-chromatic": {
      "version": "1.3.3",
      "resolved": "http://r.cnpmjs.org/d3-scale-chromatic/download/d3-scale-chromatic-1.3.3.tgz",
      "integrity": "sha1-2tQ2bw7csoj0kBKJecPHk1g+08A=",
      "requires": {
        "d3-color": "1",
        "d3-interpolate": "1"
      }
    },
    "d3-selection": {
      "version": "1.4.0",
      "resolved": "http://r.cnpmjs.org/d3-selection/download/d3-selection-1.4.0.tgz",
      "integrity": "sha1-q5rB5mTPln6/G0ecwH4ozpkIxHQ="
    },
    "d3-shape": {
      "version": "1.3.5",
      "resolved": "http://r.cnpmjs.org/d3-shape/download/d3-shape-1.3.5.tgz",
      "integrity": "sha1-6BrqWUD1nwp5z8ysASIyqJh8YDM=",
      "requires": {
        "d3-path": "1"
      }
    },
    "d3-time": {
      "version": "1.0.11",
      "resolved": "http://r.cnpmjs.org/d3-time/download/d3-time-1.0.11.tgz",
      "integrity": "sha1-HYMaPiXNGJ6yVsF3cKZmNodiu84="
    },
    "d3-time-format": {
      "version": "2.1.3",
      "resolved": "http://r.cnpmjs.org/d3-time-format/download/d3-time-format-2.1.3.tgz",
      "integrity": "sha1-rgb44BJqnWDWNk6sWxUzrhusgms=",
      "requires": {
        "d3-time": "1"
      }
    },
    "d3-timer": {
      "version": "1.0.9",
      "resolved": "http://r.cnpmjs.org/d3-timer/download/d3-timer-1.0.9.tgz",
      "integrity": "sha1-97uMDVl9eS/3Ex4cJKNt1HGkcbo="
    },
    "d3-transition": {
      "version": "1.2.0",
      "resolved": "http://r.cnpmjs.org/d3-transition/download/d3-transition-1.2.0.tgz",
      "integrity": "sha1-9TjA4hsqofBfPpZfhWfoEoSzsrg=",
      "requires": {
        "d3-color": "1",
        "d3-dispatch": "1",
        "d3-ease": "1",
        "d3-interpolate": "1",
        "d3-selection": "^1.1.0",
        "d3-timer": "1"
      }
    },
    "d3-voronoi": {
      "version": "1.1.4",
      "resolved": "http://r.cnpmjs.org/d3-voronoi/download/d3-voronoi-1.1.4.tgz",
      "integrity": "sha1-3Tx412U9K7NZKErkeGRdlZRMgpc="
    },
    "d3-zoom": {
      "version": "1.7.3",
      "resolved": "http://r.cnpmjs.org/d3-zoom/download/d3-zoom-1.7.3.tgz",
      "integrity": "sha1-9ETv/ckFXDgHfEKZtN+ZnrHUfMs=",
      "requires": {
        "d3-dispatch": "1",
        "d3-drag": "1",
        "d3-interpolate": "1",
        "d3-selection": "1",
        "d3-transition": "1"
      }
    },
    "iconv-lite": {
      "version": "0.4.24",
      "resolved": "http://r.cnpmjs.org/iconv-lite/download/iconv-lite-0.4.24.tgz",
      "integrity": "sha1-ICK0sl+93CHS9SSXSkdKr+czkIs=",
      "requires": {
        "safer-buffer": ">= 2.1.2 < 3"
      }
    },
    "rw": {
      "version": "1.3.3",
      "resolved": "http://r.cnpmjs.org/rw/download/rw-1.3.3.tgz",
      "integrity": "sha1-P4Yt+pGrdmsUiF700BEkv9oHT7Q="
    },
    "safer-buffer": {
      "version": "2.1.2",
      "resolved": "http://r.cnpmjs.org/safer-buffer/download/safer-buffer-2.1.2.tgz",
      "integrity": "sha1-RPoWGwGHuVSd2Eu5GAL5vYOFzWo="
    }
  }
}
